
Microsoft Visual Studio Solution File, Format Version 12.00
# Visual Studio 15
VisualStudioVersion = 15.0.26730.15
MinimumVisualStudioVersion = 10.0.40219.1
Project("{8BC9CEB8-8B4A-11D0-8D11-00A0C91BC942}") = "RJBConsole", "RJBConsole\RJBConsole.vcxproj", "{E09FF7BB-0926-4110-B7F9-E1DB10F83700}"
EndProject
Project("{2150E333-8FDC-42A3-9474-1A3956D46DE8}") = "Solution Items", "Solution Items", "{E0D3D0A7-98F9-4C0F-AF17-E17CC5FBC8E5}"
EndProject
Global
	GlobalSection(SolutionConfigurationPlatforms) = preSolution
		Debug|x64 = Debug|x64
		Debug|x86 = Debug|x86
		Release|x64 = Release|x64
		Release|x86 = Release|x86
	EndGlobalSection
	GlobalSection(ProjectConfigurationPlatforms) = postSolution
		{E09FF7BB-0926-4110-B7F9-E1DB10F83700}.Debug|x64.ActiveCfg = Debug|x64
		{E09FF7BB-0926-4110-B7F9-E1DB10F83700}.Debug|x64.Build.0 = Debug|x64
		{E09FF7BB-0926-4110-B7F9-E1DB10F83700}.Debug|x86.ActiveCfg = Debug|Win32
		{E09FF7BB-0926-4110-B7F9-E1DB10F83700}.Debug|x86.Build.0 = Debug|Win32
		{E09FF7BB-0926-4110-B7F9-E1DB10F83700}.Release|x64.ActiveCfg = Release|x64
		{E09FF7BB-0926-4110-B7F9-E1DB10F83700}.Release|x64.Build.0 = Release|x64
		{E09FF7BB-0926-4110-B7F9-E1DB10F83700}.Release|x86.ActiveCfg = Release|Win32
		{E09FF7BB-0926-4110-B7F9-E1DB10F83700}.Release|x86.Build.0 = Release|Win32
	EndGlobalSection
	GlobalSection(SolutionProperties) = preSolution
		HideSolutionNode = FALSE
	EndGlobalSection
	GlobalSection(ExtensibilityGlobals) = postSolution
		SolutionGuid = {6B3D2D0D-F75C-489D-9884-98A76DE6C283}
	EndGlobalSection
EndGlobal
